
Microsoft Visual Studio Solution File, Format Version 12.00
# Visual Studio 15
VisualStudioVersion = 15.0.27703.2047
MinimumVisualStudioVersion = 10.0.40219.1
Project("{FAE04EC0-301F-11D3-BF4B-00C04F79EFBC}") = "WindowsFormsApp1", "WindowsFormsApp1\WindowsFormsApp1.csproj", "{1474E968-B90C-48A7-8BDE-7A90F35B208A}"
EndProject
Global
	GlobalSection(SolutionConfigurationPlatforms) = preSolution
		Debug|Any CPU = Debug|Any CPU
		Release|Any CPU = Release|Any CPU
	EndGlobalSection
	GlobalSection(ProjectConfigurationPlatforms) = postSolution
		{1474E968-B90C-48A7-8BDE-7A90F35B208A}.Debug|Any CPU.ActiveCfg = Debug|Any CPU
		{1474E968-B90C-48A7-8BDE-7A90F35B208A}.Debug|Any CPU.Build.0 = Debug|Any CPU
		{1474E968-B90C-48A7-8BDE-7A90F35B208A}.Release|Any CPU.ActiveCfg = Release|Any CPU
		{1474E968-B90C-48A7-8BDE-7A90F35B208A}.Release|Any CPU.Build.0 = Release|Any CPU
	EndGlobalSection
	GlobalSection(SolutionProperties) = preSolution
		HideSolutionNode = FALSE
	EndGlobalSection
	GlobalSection(ExtensibilityGlobals) = postSolution
		SolutionGuid = {4207522F-B843-49BB-96A1-E58B9A5C138D}
	EndGlobalSection
EndGlobal
